// !$*UTF8*$!
{
	archiveVersion = 1;
	classes = {
	};
	objectVersion = 55;
	objects = {

/* Begin PBXBuildFile section */
		11DF138B2870B0A500152B76 /* API.swift in Sources */ = {isa = PBXBuildFile; fileRef = 11DF138A2870B0A500152B76 /* API.swift */; };
		11DF138D2870B79F00152B76 /* BooksModel.swift in Sources */ = {isa = PBXBuildFile; fileRef = 11DF138C2870B79F00152B76 /* BooksModel.swift */; };
		11F464172870974400BDE4FA /* AppDelegate.swift in Sources */ = {isa = PBXBuildFile; fileRef = 11F464162870974400BDE4FA /* AppDelegate.swift */; };
		11F464192870974400BDE4FA /* SceneDelegate.swift in Sources */ = {isa = PBXBuildFile; fileRef = 11F464182870974400BDE4FA /* SceneDelegate.swift */; };
		11F4641B2870974400BDE4FA /* ViewController.swift in Sources */ = {isa = PBXBuildFile; fileRef = 11F4641A2870974400BDE4FA /* ViewController.swift */; };
		11F4641E2870974400BDE4FA /* Main.storyboard in Resources */ = {isa = PBXBuildFile; fileRef = 11F4641C2870974400BDE4FA /* Main.storyboard */; };
		11F464202870974500BDE4FA /* Assets.xcassets in Resources */ = {isa = PBXBuildFile; fileRef = 11F4641F2870974500BDE4FA /* Assets.xcassets */; };
		11F464232870974500BDE4FA /* LaunchScreen.storyboard in Resources */ = {isa = PBXBuildFile; fileRef = 11F464212870974500BDE4FA /* LaunchScreen.storyboard */; };
		11F4642E2870AE0C00BDE4FA /* ShowBooksViewController.swift in Sources */ = {isa = PBXBuildFile; fileRef = 11F4642D2870AE0C00BDE4FA /* ShowBooksViewController.swift */; };
		88CFA799008FCB87B2BCA217 /* Pods_BooksApp.framework in Frameworks */ = {isa = PBXBuildFile; fileRef = ADB429426380ED6195B87A1E /* Pods_BooksApp.framework */; };
/* End PBXBuildFile section */

/* Begin PBXFileReference section */
		11DF138A2870B0A500152B76 /* API.swift */ = {isa = PBXFileReference; lastKnownFileType = sourcecode.swift; path = API.swift; sourceTree = "<group>"; };
		11DF138C2870B79F00152B76 /* BooksModel.swift */ = {isa = PBXFileReference; lastKnownFileType = sourcecode.swift; path = BooksModel.swift; sourceTree = "<group>"; };
		11F464132870974400BDE4FA /* BooksApp.app */ = {isa = PBXFileReference; explicitFileType = wrapper.application; includeInIndex = 0; path = BooksApp.app; sourceTree = BUILT_PRODUCTS_DIR; };
		11F464162870974400BDE4FA /* AppDelegate.swift */ = {isa = PBXFileReference; lastKnownFileType = sourcecode.swift; path = AppDelegate.swift; sourceTree = "<group>"; };
		11F464182870974400BDE4FA /* SceneDelegate.swift */ = {isa = PBXFileReference; lastKnownFileType = sourcecode.swift; path = SceneDelegate.swift; sourceTree = "<group>"; };
		11F4641A2870974400BDE4FA /* ViewController.swift */ = {isa = PBXFileReference; lastKnownFileType = sourcecode.swift; path = ViewController.swift; sourceTree = "<group>"; };
		11F4641D2870974400BDE4FA /* Base */ = {isa = PBXFileReference; lastKnownFileType = file.storyboard; name = Base; path = Base.lproj/Main.storyboard; sourceTree = "<group>"; };
		11F4641F2870974500BDE4FA /* Assets.xcassets */ = {isa = PBXFileReference; lastKnownFileType = folder.assetcatalog; path = Assets.xcassets; sourceTree = "<group>"; };
		11F464222870974500BDE4FA /* Base */ = {isa = PBXFileReference; lastKnownFileType = file.storyboard; name = Base; path = Base.lproj/LaunchScreen.storyboard; sourceTree = "<group>"; };
		11F464242870974500BDE4FA /* Info.plist */ = {isa = PBXFileReference; lastKnownFileType = text.plist.xml; path = Info.plist; sourceTree = "<group>"; };
		11F4642D2870AE0C00BDE4FA /* ShowBooksViewController.swift */ = {isa = PBXFileReference; lastKnownFileType = sourcecode.swift; path = ShowBooksViewController.swift; sourceTree = "<group>"; };
		68B9B7021827D8E0A69B482F /* Pods-BooksApp.release.xcconfig */ = {isa = PBXFileReference; includeInIndex = 1; lastKnownFileType = text.xcconfig; name = "Pods-BooksApp.release.xcconfig"; path = "Target Support Files/Pods-BooksApp/Pods-BooksApp.release.xcconfig"; sourceTree = "<group>"; };
		84B327B5306E991243234912 /* Pods-BooksApp.debug.xcconfig */ = {isa = PBXFileReference; includeInIndex = 1; lastKnownFileType = text.xcconfig; name = "Pods-BooksApp.debug.xcconfig"; path = "Target Support Files/Pods-BooksApp/Pods-BooksApp.debug.xcconfig"; sourceTree = "<group>"; };
		ADB429426380ED6195B87A1E /* Pods_BooksApp.framework */ = {isa = PBXFileReference; explicitFileType = wrapper.framework; includeInIndex = 0; path = Pods_BooksApp.framework; sourceTree = BUILT_PRODUCTS_DIR; };
/* End PBXFileReference section */

/* Begin PBXFrameworksBuildPhase section */
		11F464102870974400BDE4FA /* Frameworks */ = {
			isa = PBXFrameworksBuildPhase;
			buildActionMask = 2147483647;
			files = (
				88CFA799008FCB87B2BCA217 /* Pods_BooksApp.framework in Frameworks */,
			);
			runOnlyForDeploymentPostprocessing = 0;
		};
/* End PBXFrameworksBuildPhase section */

/* Begin PBXGroup section */
		11DF13892870B05A00152B76 /* API */ = {
			isa = PBXGroup;
			children = (
				11DF138A2870B0A500152B76 /* API.swift */,
			);
			path = API;
			sourceTree = "<group>";
		};
		11F4640A2870974400BDE4FA = {
			isa = PBXGroup;
			children = (
				11F464152870974400BDE4FA /* BooksApp */,
				11F464142870974400BDE4FA /* Products */,
				B9F6D84DCCB39225864FD750 /* Pods */,
				539F4C88C398A2E228773561 /* Frameworks */,
			);
			sourceTree = "<group>";
		};
		11F464142870974400BDE4FA /* Products */ = {
			isa = PBXGroup;
			children = (
				11F464132870974400BDE4FA /* BooksApp.app */,
			);
			name = Products;
			sourceTree = "<group>";
		};
		11F464152870974400BDE4FA /* BooksApp */ = {
			isa = PBXGroup;
			children = (
				11DF13892870B05A00152B76 /* API */,
				11F4642C2870ADD400BDE4FA /* ViewController */,
				11F4642B2870ADCC00BDE4FA /* View */,
				11F4642A2870ADC600BDE4FA /* Model */,
				11F464162870974400BDE4FA /* AppDelegate.swift */,
				11F464182870974400BDE4FA /* SceneDelegate.swift */,
				11F4641C2870974400BDE4FA /* Main.storyboard */,
				11F4641F2870974500BDE4FA /* Assets.xcassets */,
				11F464212870974500BDE4FA /* LaunchScreen.storyboard */,
				11F464242870974500BDE4FA /* Info.plist */,
			);
			path = BooksApp;
			sourceTree = "<group>";
		};
		11F4642A2870ADC600BDE4FA /* Model */ = {
			isa = PBXGroup;
			children = (
				11DF138C2870B79F00152B76 /* BooksModel.swift */,
			);
			path = Model;
			sourceTree = "<group>";
		};
		11F4642B2870ADCC00BDE4FA /* View */ = {
			isa = PBXGroup;
			children = (
			);
			path = View;
			sourceTree = "<group>";
		};
		11F4642C2870ADD400BDE4FA /* ViewController */ = {
			isa = PBXGroup;
			children = (
				11F4641A2870974400BDE4FA /* ViewController.swift */,
				11F4642D2870AE0C00BDE4FA /* ShowBooksViewController.swift */,
			);
			path = ViewController;
			sourceTree = "<group>";
		};
		539F4C88C398A2E228773561 /* Frameworks */ = {
			isa = PBXGroup;
			children = (
				ADB429426380ED6195B87A1E /* Pods_BooksApp.framework */,
			);
			name = Frameworks;
			sourceTree = "<group>";
		};
		B9F6D84DCCB39225864FD750 /* Pods */ = {
			isa = PBXGroup;
			children = (
				84B327B5306E991243234912 /* Pods-BooksApp.debug.xcconfig */,
				68B9B7021827D8E0A69B482F /* Pods-BooksApp.release.xcconfig */,
			);
			path = Pods;
			sourceTree = "<group>";
		};
/* End PBXGroup section */

/* Begin PBXNativeTarget section */
		11F464122870974400BDE4FA /* BooksApp */ = {
			isa = PBXNativeTarget;
			buildConfigurationList = 11F464272870974500BDE4FA /* Build configuration list for PBXNativeTarget "BooksApp" */;
			buildPhases = (
				287E1F15E7FF6A43FE3B3D2E /* [CP] Check Pods Manifest.lock */,
				11F4640F2870974400BDE4FA /* Sources */,
				11F464102870974400BDE4FA /* Frameworks */,
				11F464112870974400BDE4FA /* Resources */,
				7995ACC4954A297228D25AC8 /* [CP] Embed Pods Frameworks */,
			);
			buildRules = (
			);
			dependencies = (
			);
			name = BooksApp;
			productName = BooksApp;
			productReference = 11F464132870974400BDE4FA /* BooksApp.app */;
			productType = "com.apple.product-type.application";
		};
/* End PBXNativeTarget section */

/* Begin PBXProject section */
		11F4640B2870974400BDE4FA /* Project object */ = {
			isa = PBXProject;
			attributes = {
				BuildIndependentTargetsInParallel = 1;
				LastSwiftUpdateCheck = 1340;
				LastUpgradeCheck = 1340;
				TargetAttributes = {
					11F464122870974400BDE4FA = {
						CreatedOnToolsVersion = 13.4.1;
					};
				};
			};
			buildConfigurationList = 11F4640E2870974400BDE4FA /* Build configuration list for PBXProject "BooksApp" */;
			compatibilityVersion = "Xcode 13.0";
			developmentRegion = en;
			hasScannedForEncodings = 0;
			knownRegions = (
				en,
				Base,
			);
			mainGroup = 11F4640A2870974400BDE4FA;
			productRefGroup = 11F464142870974400BDE4FA /* Products */;
			projectDirPath = "";
			projectRoot = "";
			targets = (
				11F464122870974400BDE4FA /* BooksApp */,
			);
		};
/* End PBXProject section */

/* Begin PBXResourcesBuildPhase section */
		11F464112870974400BDE4FA /* Resources */ = {
			isa = PBXResourcesBuildPhase;
			buildActionMask = 2147483647;
			files = (
				11F464232870974500BDE4FA /* LaunchScreen.storyboard in Resources */,
				11F464202870974500BDE4FA /* Assets.xcassets in Resources */,
				11F4641E2870974400BDE4FA /* Main.storyboard in Resources */,
			);
			runOnlyForDeploymentPostprocessing = 0;
		};
/* End PBXResourcesBuildPhase section */

/* Begin PBXShellScriptBuildPhase section */
		287E1F15E7FF6A43FE3B3D2E /* [CP] Check Pods Manifest.lock */ = {
			isa = PBXShellScriptBuildPhase;
			buildActionMask = 2147483647;
			files = (
			);
			inputFileListPaths = (
			);
			inputPaths = (
				"${PODS_PODFILE_DIR_PATH}/Podfile.lock",
				"${PODS_ROOT}/Manifest.lock",
			);
			name = "[CP] Check Pods Manifest.lock";
			outputFileListPaths = (
			);
			outputPaths = (
				"$(DERIVED_FILE_DIR)/Pods-BooksApp-checkManifestLockResult.txt",
			);
			runOnlyForDeploymentPostprocessing = 0;
			shellPath = /bin/sh;
			shellScript = "diff \"${PODS_PODFILE_DIR_PATH}/Podfile.lock\" \"${PODS_ROOT}/Manifest.lock\" > /dev/null\nif [ $? != 0 ] ; then\n    # print error to STDERR\n    echo \"error: The sandbox is not in sync with the Podfile.lock. Run 'pod install' or update your CocoaPods installation.\" >&2\n    exit 1\nfi\n# This output is used by Xcode 'outputs' to avoid re-running this script phase.\necho \"SUCCESS\" > \"${SCRIPT_OUTPUT_FILE_0}\"\n";
			showEnvVarsInLog = 0;
		};
		7995ACC4954A297228D25AC8 /* [CP] Embed Pods Frameworks */ = {
			isa = PBXShellScriptBuildPhase;
			buildActionMask = 2147483647;
			files = (
			);
			inputFileListPaths = (
				"${PODS_ROOT}/Target Support Files/Pods-BooksApp/Pods-BooksApp-frameworks-${CONFIGURATION}-input-files.xcfilelist",
			);
			name = "[CP] Embed Pods Frameworks";
			outputFileListPaths = (
				"${PODS_ROOT}/Target Support Files/Pods-BooksApp/Pods-BooksApp-frameworks-${CONFIGURATION}-output-files.xcfilelist",
			);
			runOnlyForDeploymentPostprocessing = 0;
			shellPath = /bin/sh;
			shellScript = "\"${PODS_ROOT}/Target Support Files/Pods-BooksApp/Pods-BooksApp-frameworks.sh\"\n";
			showEnvVarsInLog = 0;
		};
/* End PBXShellScriptBuildPhase section */

/* Begin PBXSourcesBuildPhase section */
		11F4640F2870974400BDE4FA /* Sources */ = {
			isa = PBXSourcesBuildPhase;
			buildActionMask = 2147483647;
			files = (
				11DF138D2870B79F00152B76 /* BooksModel.swift in Sources */,
				11F4641B2870974400BDE4FA /* ViewController.swift in Sources */,
				11F464172870974400BDE4FA /* AppDelegate.swift in Sources */,
				11F4642E2870AE0C00BDE4FA /* ShowBooksViewController.swift in Sources */,
				11F464192870974400BDE4FA /* SceneDelegate.swift in Sources */,
				11DF138B2870B0A500152B76 /* API.swift in Sources */,
			);
			runOnlyForDeploymentPostprocessing = 0;
		};
/* End PBXSourcesBuildPhase section */

/* Begin PBXVariantGroup section */
		11F4641C2870974400BDE4FA /* Main.storyboard */ = {
			isa = PBXVariantGroup;
			children = (
				11F4641D2870974400BDE4FA /* Base */,
			);
			name = Main.storyboard;
			sourceTree = "<group>";
		};
		11F464212870974500BDE4FA /* LaunchScreen.storyboard */ = {
			isa = PBXVariantGroup;
			children = (
				11F464222870974500BDE4FA /* Base */,
			);
			name = LaunchScreen.storyboard;
			sourceTree = "<group>";
		};
/* End PBXVariantGroup section */

/* Begin XCBuildConfiguration section */
		11F464252870974500BDE4FA /* Debug */ = {
			isa = XCBuildConfiguration;
			buildSettings = {
				ALWAYS_SEARCH_USER_PATHS = NO;
				CLANG_ANALYZER_NONNULL = YES;
				CLANG_ANALYZER_NUMBER_OBJECT_CONVERSION = YES_AGGRESSIVE;
				CLANG_CXX_LANGUAGE_STANDARD = "gnu++17";
				CLANG_ENABLE_MODULES = YES;
				CLANG_ENABLE_OBJC_ARC = YES;
				CLANG_ENABLE_OBJC_WEAK = YES;
				CLANG_WARN_BLOCK_CAPTURE_AUTORELEASING = YES;
				CLANG_WARN_BOOL_CONVERSION = YES;
				CLANG_WARN_COMMA = YES;
				CLANG_WARN_CONSTANT_CONVERSION = YES;
				CLANG_WARN_DEPRECATED_OBJC_IMPLEMENTATIONS = YES;
				CLANG_WARN_DIRECT_OBJC_ISA_USAGE = YES_ERROR;
				CLANG_WARN_DOCUMENTATION_COMMENTS = YES;
				CLANG_WARN_EMPTY_BODY = YES;
				CLANG_WARN_ENUM_CONVERSION = YES;
				CLANG_WARN_INFINITE_RECURSION = YES;
				CLANG_WARN_INT_CONVERSION = YES;
				CLANG_WARN_NON_LITERAL_NULL_CONVERSION = YES;
				CLANG_WARN_OBJC_IMPLICIT_RETAIN_SELF = YES;
				CLANG_WARN_OBJC_LITERAL_CONVERSION = YES;
				CLANG_WARN_OBJC_ROOT_CLASS = YES_ERROR;
				CLANG_WARN_QUOTED_INCLUDE_IN_FRAMEWORK_HEADER = YES;
				CLANG_WARN_RANGE_LOOP_ANALYSIS = YES;
				CLANG_WARN_STRICT_PROTOTYPES = YES;
				CLANG_WARN_SUSPICIOUS_MOVE = YES;
				CLANG_WARN_UNGUARDED_AVAILABILITY = YES_AGGRESSIVE;
				CLANG_WARN_UNREACHABLE_CODE = YES;
				CLANG_WARN__DUPLICATE_METHOD_MATCH = YES;
				COPY_PHASE_STRIP = NO;
				DEBUG_INFORMATION_FORMAT = dwarf;
				ENABLE_STRICT_OBJC_MSGSEND = YES;
				ENABLE_TESTABILITY = YES;
				GCC_C_LANGUAGE_STANDARD = gnu11;
				GCC_DYNAMIC_NO_PIC = NO;
				GCC_NO_COMMON_BLOCKS = YES;
				GCC_OPTIMIZATION_LEVEL = 0;
				GCC_PREPROCESSOR_DEFINITIONS = (
					"DEBUG=1",
					"$(inherited)",
				);
				GCC_WARN_64_TO_32_BIT_CONVERSION = YES;
				GCC_WARN_ABOUT_RETURN_TYPE = YES_ERROR;
				GCC_WARN_UNDECLARED_SELECTOR = YES;
				GCC_WARN_UNINITIALIZED_AUTOS = YES_AGGRESSIVE;
				GCC_WARN_UNUSED_FUNCTION = YES;
				GCC_WARN_UNUSED_VARIABLE = YES;
				IPHONEOS_DEPLOYMENT_TARGET = 15.5;
				MTL_ENABLE_DEBUG_INFO = INCLUDE_SOURCE;
				MTL_FAST_MATH = YES;
				ONLY_ACTIVE_ARCH = YES;
				SDKROOT = iphoneos;
				SWIFT_ACTIVE_COMPILATION_CONDITIONS = DEBUG;
				SWIFT_OPTIMIZATION_LEVEL = "-Onone";
			};
			name = Debug;
		};
		11F464262870974500BDE4FA /* Release */ = {
			isa = XCBuildConfiguration;
			buildSettings = {
				ALWAYS_SEARCH_USER_PATHS = NO;
				CLANG_ANALYZER_NONNULL = YES;
				CLANG_ANALYZER_NUMBER_OBJECT_CONVERSION = YES_AGGRESSIVE;
				CLANG_CXX_LANGUAGE_STANDARD = "gnu++17";
				CLANG_ENABLE_MODULES = YES;
				CLANG_ENABLE_OBJC_ARC = YES;
				CLANG_ENABLE_OBJC_WEAK = YES;
				CLANG_WARN_BLOCK_CAPTURE_AUTORELEASING = YES;
				CLANG_WARN_BOOL_CONVERSION = YES;
				CLANG_WARN_COMMA = YES;
				CLANG_WARN_CONSTANT_CONVERSION = YES;
				CLANG_WARN_DEPRECATED_OBJC_IMPLEMENTATIONS = YES;
				CLANG_WARN_DIRECT_OBJC_ISA_USAGE = YES_ERROR;
				CLANG_WARN_DOCUMENTATION_COMMENTS = YES;
				CLANG_WARN_EMPTY_BODY = YES;
				CLANG_WARN_ENUM_CONVERSION = YES;
				CLANG_WARN_INFINITE_RECURSION = YES;
				CLANG_WARN_INT_CONVERSION = YES;
				CLANG_WARN_NON_LITERAL_NULL_CONVERSION = YES;
				CLANG_WARN_OBJC_IMPLICIT_RETAIN_SELF = YES;
				CLANG_WARN_OBJC_LITERAL_CONVERSION = YES;
				CLANG_WARN_OBJC_ROOT_CLASS = YES_ERROR;
				CLANG_WARN_QUOTED_INCLUDE_IN_FRAMEWORK_HEADER = YES;
				CLANG_WARN_RANGE_LOOP_ANALYSIS = YES;
				CLANG_WARN_STRICT_PROTOTYPES = YES;
				CLANG_WARN_SUSPICIOUS_MOVE = YES;
				CLANG_WARN_UNGUARDED_AVAILABILITY = YES_AGGRESSIVE;
				CLANG_WARN_UNREACHABLE_CODE = YES;
				CLANG_WARN__DUPLICATE_METHOD_MATCH = YES;
				COPY_PHASE_STRIP = NO;
				DEBUG_INFORMATION_FORMAT = "dwarf-with-dsym";
				ENABLE_NS_ASSERTIONS = NO;
				ENABLE_STRICT_OBJC_MSGSEND = YES;
				GCC_C_LANGUAGE_STANDARD = gnu11;
				GCC_NO_COMMON_BLOCKS = YES;
				GCC_WARN_64_TO_32_BIT_CONVERSION = YES;
				GCC_WARN_ABOUT_RETURN_TYPE = YES_ERROR;
				GCC_WARN_UNDECLARED_SELECTOR = YES;
				GCC_WARN_UNINITIALIZED_AUTOS = YES_AGGRESSIVE;
				GCC_WARN_UNUSED_FUNCTION = YES;
				GCC_WARN_UNUSED_VARIABLE = YES;
				IPHONEOS_DEPLOYMENT_TARGET = 15.5;
				MTL_ENABLE_DEBUG_INFO = NO;
				MTL_FAST_MATH = YES;
				SDKROOT = iphoneos;
				SWIFT_COMPILATION_MODE = wholemodule;
				SWIFT_OPTIMIZATION_LEVEL = "-O";
				VALIDATE_PRODUCT = YES;
			};
			name = Release;
		};
		11F464282870974500BDE4FA /* Debug */ = {
			isa = XCBuildConfiguration;
			baseConfigurationReference = 84B327B5306E991243234912 /* Pods-BooksApp.debug.xcconfig */;
			buildSettings = {
				ASSETCATALOG_COMPILER_APPICON_NAME = AppIcon;
				ASSETCATALOG_COMPILER_GLOBAL_ACCENT_COLOR_NAME = AccentColor;
				CODE_SIGN_STYLE = Automatic;
				CURRENT_PROJECT_VERSION = 1;
				GENERATE_INFOPLIST_FILE = YES;
				INFOPLIST_FILE = BooksApp/Info.plist;
				INFOPLIST_KEY_UIApplicationSupportsIndirectInputEvents = YES;
				INFOPLIST_KEY_UILaunchStoryboardName = LaunchScreen;
				INFOPLIST_KEY_UIMainStoryboardFile = Main;
				INFOPLIST_KEY_UISupportedInterfaceOrientations_iPad = "UIInterfaceOrientationPortrait UIInterfaceOrientationPortraitUpsideDown UIInterfaceOrientationLandscapeLeft UIInterfaceOrientationLandscapeRight";
				INFOPLIST_KEY_UISupportedInterfaceOrientations_iPhone = "UIInterfaceOrientationPortrait UIInterfaceOrientationLandscapeLeft UIInterfaceOrientationLandscapeRight";
				LD_RUNPATH_SEARCH_PATHS = (
					"$(inherited)",
					"@executable_path/Frameworks",
				);
				MARKETING_VERSION = 1.0;
				PRODUCT_BUNDLE_IDENTIFIER = com.epoZe.npau3.BooksApp;
				PRODUCT_NAME = "$(TARGET_NAME)";
				SWIFT_EMIT_LOC_STRINGS = YES;
				SWIFT_VERSION = 5.0;
				TARGETED_DEVICE_FAMILY = "1,2";
			};
			name = Debug;
		};
		11F464292870974500BDE4FA /* Release */ = {
			isa = XCBuildConfiguration;
			baseConfigurationReference = 68B9B7021827D8E0A69B482F /* Pods-BooksApp.release.xcconfig */;
			buildSettings = {
				ASSETCATALOG_COMPILER_APPICON_NAME = AppIcon;
				ASSETCATALOG_COMPILER_GLOBAL_ACCENT_COLOR_NAME = AccentColor;
				CODE_SIGN_STYLE = Automatic;
				CURRENT_PROJECT_VERSION = 1;
				GENERATE_INFOPLIST_FILE = YES;
				INFOPLIST_FILE = BooksApp/Info.plist;
				INFOPLIST_KEY_UIApplicationSupportsIndirectInputEvents = YES;
				INFOPLIST_KEY_UILaunchStoryboardName = LaunchScreen;
				INFOPLIST_KEY_UIMainStoryboardFile = Main;
				INFOPLIST_KEY_UISupportedInterfaceOrientations_iPad = "UIInterfaceOrientationPortrait UIInterfaceOrientationPortraitUpsideDown UIInterfaceOrientationLandscapeLeft UIInterfaceOrientationLandscapeRight";
				INFOPLIST_KEY_UISupportedInterfaceOrientations_iPhone = "UIInterfaceOrientationPortrait UIInterfaceOrientationLandscapeLeft UIInterfaceOrientationLandscapeRight";
				LD_RUNPATH_SEARCH_PATHS = (
					"$(inherited)",
					"@executable_path/Frameworks",
				);
				MARKETING_VERSION = 1.0;
				PRODUCT_BUNDLE_IDENTIFIER = com.epoZe.npau3.BooksApp;
				PRODUCT_NAME = "$(TARGET_NAME)";
				SWIFT_EMIT_LOC_STRINGS = YES;
				SWIFT_VERSION = 5.0;
				TARGETED_DEVICE_FAMILY = "1,2";
			};
			name = Release;
		};
/* End XCBuildConfiguration section */

/* Begin XCConfigurationList section */
		11F4640E2870974400BDE4FA /* Build configuration list for PBXProject "BooksApp" */ = {
			isa = XCConfigurationList;
			buildConfigurations = (
				11F464252870974500BDE4FA /* Debug */,
				11F464262870974500BDE4FA /* Release */,
			);
			defaultConfigurationIsVisible = 0;
			defaultConfigurationName = Release;
		};
		11F464272870974500BDE4FA /* Build configuration list for PBXNativeTarget "BooksApp" */ = {
			isa = XCConfigurationList;
			buildConfigurations = (
				11F464282870974500BDE4FA /* Debug */,
				11F464292870974500BDE4FA /* Release */,
			);
			defaultConfigurationIsVisible = 0;
			defaultConfigurationName = Release;
		};
/* End XCConfigurationList section */
	};
	rootObject = 11F4640B2870974400BDE4FA /* Project object */;
}
